
Microsoft Visual Studio Solution File, Format Version 12.00
# Visual Studio Version 16
VisualStudioVersion = 16.0.31702.278
MinimumVisualStudioVersion = 10.0.40219.1
Project("{FAE04EC0-301F-11D3-BF4B-00C04F79EFBC}") = "Guldkortet", "Guldkortet.csproj", "{7030853C-43D2-4AD5-B2A0-D45D84013098}"
EndProject
Project("{FAE04EC0-301F-11D3-BF4B-00C04F79EFBC}") = "GuldKortKlass", "ListClass\GuldKortKlass.csproj", "{7A55F1CE-7EA4-4BC2-B411-3DC8416F96EA}"
EndProject
Global
	GlobalSection(SolutionConfigurationPlatforms) = preSolution
		Debug|Any CPU = Debug|Any CPU
		Release|Any CPU = Release|Any CPU
	EndGlobalSection
	GlobalSection(ProjectConfigurationPlatforms) = postSolution
		{7030853C-43D2-4AD5-B2A0-D45D84013098}.Debug|Any CPU.ActiveCfg = Debug|Any CPU
		{7030853C-43D2-4AD5-B2A0-D45D84013098}.Debug|Any CPU.Build.0 = Debug|Any CPU
		{7030853C-43D2-4AD5-B2A0-D45D84013098}.Release|Any CPU.ActiveCfg = Release|Any CPU
		{7030853C-43D2-4AD5-B2A0-D45D84013098}.Release|Any CPU.Build.0 = Release|Any CPU
		{7A55F1CE-7EA4-4BC2-B411-3DC8416F96EA}.Debug|Any CPU.ActiveCfg = Debug|Any CPU
		{7A55F1CE-7EA4-4BC2-B411-3DC8416F96EA}.Debug|Any CPU.Build.0 = Debug|Any CPU
		{7A55F1CE-7EA4-4BC2-B411-3DC8416F96EA}.Release|Any CPU.ActiveCfg = Release|Any CPU
		{7A55F1CE-7EA4-4BC2-B411-3DC8416F96EA}.Release|Any CPU.Build.0 = Release|Any CPU
	EndGlobalSection
	GlobalSection(SolutionProperties) = preSolution
		HideSolutionNode = FALSE
	EndGlobalSection
	GlobalSection(ExtensibilityGlobals) = postSolution
		SolutionGuid = {8B2D7423-5ADE-4792-A8E2-989442558283}
	EndGlobalSection
EndGlobal
